// !$*UTF8*$!
{
	archiveVersion = 1;
	classes = {
	};
	objectVersion = 55;
	objects = {

/* Begin PBXBuildFile section */
		9D2FE28728C7517300745B77 /* AppDelegate.swift in Sources */ = {isa = PBXBuildFile; fileRef = 9D2FE28628C7517300745B77 /* AppDelegate.swift */; };
		9D2FE28B28C7517300745B77 /* ViewController.swift in Sources */ = {isa = PBXBuildFile; fileRef = 9D2FE28A28C7517300745B77 /* ViewController.swift */; };
		9D2FE28E28C7517300745B77 /* Main.storyboard in Resources */ = {isa = PBXBuildFile; fileRef = 9D2FE28C28C7517300745B77 /* Main.storyboard */; };
		9D2FE29028C7517500745B77 /* Assets.xcassets in Resources */ = {isa = PBXBuildFile; fileRef = 9D2FE28F28C7517500745B77 /* Assets.xcassets */; };
		9D2FE29328C7517500745B77 /* LaunchScreen.storyboard in Resources */ = {isa = PBXBuildFile; fileRef = 9D2FE29128C7517500745B77 /* LaunchScreen.storyboard */; };
		9D2FE29E28C7517500745B77 /* CarRentalTests.swift in Sources */ = {isa = PBXBuildFile; fileRef = 9D2FE29D28C7517500745B77 /* CarRentalTests.swift */; };
		9D2FE2A828C7517500745B77 /* CarRentalUITests.swift in Sources */ = {isa = PBXBuildFile; fileRef = 9D2FE2A728C7517500745B77 /* CarRentalUITests.swift */; };
		9D2FE2AA28C7517500745B77 /* CarRentalUITestsLaunchTests.swift in Sources */ = {isa = PBXBuildFile; fileRef = 9D2FE2A928C7517500745B77 /* CarRentalUITestsLaunchTests.swift */; };
		9D2FE2B728C7519200745B77 /* ViewModel.swift in Sources */ = {isa = PBXBuildFile; fileRef = 9D2FE2B628C7519200745B77 /* ViewModel.swift */; };
		9D2FE2B928C7519400745B77 /* Model.swift in Sources */ = {isa = PBXBuildFile; fileRef = 9D2FE2B828C7519400745B77 /* Model.swift */; };
		9D2FE2BD28C7519C00745B77 /* Extension.swift in Sources */ = {isa = PBXBuildFile; fileRef = 9D2FE2BC28C7519C00745B77 /* Extension.swift */; };
		9D2FE2BF28C752BC00745B77 /* TableViewCell.swift in Sources */ = {isa = PBXBuildFile; fileRef = 9D2FE2BE28C752BC00745B77 /* TableViewCell.swift */; };
/* End PBXBuildFile section */

/* Begin PBXContainerItemProxy section */
		9D2FE29A28C7517500745B77 /* PBXContainerItemProxy */ = {
			isa = PBXContainerItemProxy;
			containerPortal = 9D2FE27B28C7517300745B77 /* Project object */;
			proxyType = 1;
			remoteGlobalIDString = 9D2FE28228C7517300745B77;
			remoteInfo = CarRental;
		};
		9D2FE2A428C7517500745B77 /* PBXContainerItemProxy */ = {
			isa = PBXContainerItemProxy;
			containerPortal = 9D2FE27B28C7517300745B77 /* Project object */;
			proxyType = 1;
			remoteGlobalIDString = 9D2FE28228C7517300745B77;
			remoteInfo = CarRental;
		};
/* End PBXContainerItemProxy section */

/* Begin PBXFileReference section */
		9D2FE28328C7517300745B77 /* CarRental.app */ = {isa = PBXFileReference; explicitFileType = wrapper.application; includeInIndex = 0; path = CarRental.app; sourceTree = BUILT_PRODUCTS_DIR; };
		9D2FE28628C7517300745B77 /* AppDelegate.swift */ = {isa = PBXFileReference; lastKnownFileType = sourcecode.swift; path = AppDelegate.swift; sourceTree = "<group>"; };
		9D2FE28A28C7517300745B77 /* ViewController.swift */ = {isa = PBXFileReference; lastKnownFileType = sourcecode.swift; path = ViewController.swift; sourceTree = "<group>"; };
		9D2FE28D28C7517300745B77 /* Base */ = {isa = PBXFileReference; lastKnownFileType = file.storyboard; name = Base; path = Base.lproj/Main.storyboard; sourceTree = "<group>"; };
		9D2FE28F28C7517500745B77 /* Assets.xcassets */ = {isa = PBXFileReference; lastKnownFileType = folder.assetcatalog; path = Assets.xcassets; sourceTree = "<group>"; };
		9D2FE29228C7517500745B77 /* Base */ = {isa = PBXFileReference; lastKnownFileType = file.storyboard; name = Base; path = Base.lproj/LaunchScreen.storyboard; sourceTree = "<group>"; };
		9D2FE29428C7517500745B77 /* Info.plist */ = {isa = PBXFileReference; lastKnownFileType = text.plist.xml; path = Info.plist; sourceTree = "<group>"; };
		9D2FE29928C7517500745B77 /* CarRentalTests.xctest */ = {isa = PBXFileReference; explicitFileType = wrapper.cfbundle; includeInIndex = 0; path = CarRentalTests.xctest; sourceTree = BUILT_PRODUCTS_DIR; };
		9D2FE29D28C7517500745B77 /* CarRentalTests.swift */ = {isa = PBXFileReference; lastKnownFileType = sourcecode.swift; path = CarRentalTests.swift; sourceTree = "<group>"; };
		9D2FE2A328C7517500745B77 /* CarRentalUITests.xctest */ = {isa = PBXFileReference; explicitFileType = wrapper.cfbundle; includeInIndex = 0; path = CarRentalUITests.xctest; sourceTree = BUILT_PRODUCTS_DIR; };
		9D2FE2A728C7517500745B77 /* CarRentalUITests.swift */ = {isa = PBXFileReference; lastKnownFileType = sourcecode.swift; path = CarRentalUITests.swift; sourceTree = "<group>"; };
		9D2FE2A928C7517500745B77 /* CarRentalUITestsLaunchTests.swift */ = {isa = PBXFileReference; lastKnownFileType = sourcecode.swift; path = CarRentalUITestsLaunchTests.swift; sourceTree = "<group>"; };
		9D2FE2B628C7519200745B77 /* ViewModel.swift */ = {isa = PBXFileReference; lastKnownFileType = sourcecode.swift; path = ViewModel.swift; sourceTree = "<group>"; };
		9D2FE2B828C7519400745B77 /* Model.swift */ = {isa = PBXFileReference; lastKnownFileType = sourcecode.swift; path = Model.swift; sourceTree = "<group>"; };
		9D2FE2BC28C7519C00745B77 /* Extension.swift */ = {isa = PBXFileReference; lastKnownFileType = sourcecode.swift; path = Extension.swift; sourceTree = "<group>"; };
		9D2FE2BE28C752BC00745B77 /* TableViewCell.swift */ = {isa = PBXFileReference; lastKnownFileType = sourcecode.swift; path = TableViewCell.swift; sourceTree = "<group>"; };
/* End PBXFileReference section */

/* Begin PBXFrameworksBuildPhase section */
		9D2FE28028C7517300745B77 /* Frameworks */ = {
			isa = PBXFrameworksBuildPhase;
			buildActionMask = 2147483647;
			files = (
			);
			runOnlyForDeploymentPostprocessing = 0;
		};
		9D2FE29628C7517500745B77 /* Frameworks */ = {
			isa = PBXFrameworksBuildPhase;
			buildActionMask = 2147483647;
			files = (
			);
			runOnlyForDeploymentPostprocessing = 0;
		};
		9D2FE2A028C7517500745B77 /* Frameworks */ = {
			isa = PBXFrameworksBuildPhase;
			buildActionMask = 2147483647;
			files = (
			);
			runOnlyForDeploymentPostprocessing = 0;
		};
/* End PBXFrameworksBuildPhase section */

/* Begin PBXGroup section */
		9D2FE27A28C7517300745B77 = {
			isa = PBXGroup;
			children = (
				9D2FE28528C7517300745B77 /* CarRental */,
				9D2FE29C28C7517500745B77 /* CarRentalTests */,
				9D2FE2A628C7517500745B77 /* CarRentalUITests */,
				9D2FE28428C7517300745B77 /* Products */,
			);
			sourceTree = "<group>";
		};
		9D2FE28428C7517300745B77 /* Products */ = {
			isa = PBXGroup;
			children = (
				9D2FE28328C7517300745B77 /* CarRental.app */,
				9D2FE29928C7517500745B77 /* CarRentalTests.xctest */,
				9D2FE2A328C7517500745B77 /* CarRentalUITests.xctest */,
			);
			name = Products;
			sourceTree = "<group>";
		};
		9D2FE28528C7517300745B77 /* CarRental */ = {
			isa = PBXGroup;
			children = (
				9D2FE28628C7517300745B77 /* AppDelegate.swift */,
				9D2FE2C128C756BF00745B77 /* DataModel */,
				9D2FE2C028C7559300745B77 /* View */,
				9D2FE2C228C756E200745B77 /* ViewModel */,
				9D2FE2BC28C7519C00745B77 /* Extension.swift */,
				9D2FE28C28C7517300745B77 /* Main.storyboard */,
				9D2FE28F28C7517500745B77 /* Assets.xcassets */,
				9D2FE29128C7517500745B77 /* LaunchScreen.storyboard */,
				9D2FE29428C7517500745B77 /* Info.plist */,
			);
			path = CarRental;
			sourceTree = "<group>";
		};
		9D2FE29C28C7517500745B77 /* CarRentalTests */ = {
			isa = PBXGroup;
			children = (
				9D2FE29D28C7517500745B77 /* CarRentalTests.swift */,
			);
			path = CarRentalTests;
			sourceTree = "<group>";
		};
		9D2FE2A628C7517500745B77 /* CarRentalUITests */ = {
			isa = PBXGroup;
			children = (
				9D2FE2A728C7517500745B77 /* CarRentalUITests.swift */,
				9D2FE2A928C7517500745B77 /* CarRentalUITestsLaunchTests.swift */,
			);
			path = CarRentalUITests;
			sourceTree = "<group>";
		};
		9D2FE2C028C7559300745B77 /* View */ = {
			isa = PBXGroup;
			children = (
				9D2FE28A28C7517300745B77 /* ViewController.swift */,
				9D2FE2BE28C752BC00745B77 /* TableViewCell.swift */,
			);
			path = View;
			sourceTree = "<group>";
		};
		9D2FE2C128C756BF00745B77 /* DataModel */ = {
			isa = PBXGroup;
			children = (
				9D2FE2B828C7519400745B77 /* Model.swift */,
			);
			path = DataModel;
			sourceTree = "<group>";
		};
		9D2FE2C228C756E200745B77 /* ViewModel */ = {
			isa = PBXGroup;
			children = (
				9D2FE2B628C7519200745B77 /* ViewModel.swift */,
			);
			path = ViewModel;
			sourceTree = "<group>";
		};
/* End PBXGroup section */

/* Begin PBXNativeTarget section */
		9D2FE28228C7517300745B77 /* CarRental */ = {
			isa = PBXNativeTarget;
			buildConfigurationList = 9D2FE2AD28C7517500745B77 /* Build configuration list for PBXNativeTarget "CarRental" */;
			buildPhases = (
				9D2FE27F28C7517300745B77 /* Sources */,
				9D2FE28028C7517300745B77 /* Frameworks */,
				9D2FE28128C7517300745B77 /* Resources */,
			);
			buildRules = (
			);
			dependencies = (
			);
			name = CarRental;
			productName = CarRental;
			productReference = 9D2FE28328C7517300745B77 /* CarRental.app */;
			productType = "com.apple.product-type.application";
		};
		9D2FE29828C7517500745B77 /* CarRentalTests */ = {
			isa = PBXNativeTarget;
			buildConfigurationList = 9D2FE2B028C7517500745B77 /* Build configuration list for PBXNativeTarget "CarRentalTests" */;
			buildPhases = (
				9D2FE29528C7517500745B77 /* Sources */,
				9D2FE29628C7517500745B77 /* Frameworks */,
				9D2FE29728C7517500745B77 /* Resources */,
			);
			buildRules = (
			);
			dependencies = (
				9D2FE29B28C7517500745B77 /* PBXTargetDependency */,
			);
			name = CarRentalTests;
			productName = CarRentalTests;
			productReference = 9D2FE29928C7517500745B77 /* CarRentalTests.xctest */;
			productType = "com.apple.product-type.bundle.unit-test";
		};
		9D2FE2A228C7517500745B77 /* CarRentalUITests */ = {
			isa = PBXNativeTarget;
			buildConfigurationList = 9D2FE2B328C7517500745B77 /* Build configuration list for PBXNativeTarget "CarRentalUITests" */;
			buildPhases = (
				9D2FE29F28C7517500745B77 /* Sources */,
				9D2FE2A028C7517500745B77 /* Frameworks */,
				9D2FE2A128C7517500745B77 /* Resources */,
			);
			buildRules = (
			);
			dependencies = (
				9D2FE2A528C7517500745B77 /* PBXTargetDependency */,
			);
			name = CarRentalUITests;
			productName = CarRentalUITests;
			productReference = 9D2FE2A328C7517500745B77 /* CarRentalUITests.xctest */;
			productType = "com.apple.product-type.bundle.ui-testing";
		};
/* End PBXNativeTarget section */

/* Begin PBXProject section */
		9D2FE27B28C7517300745B77 /* Project object */ = {
			isa = PBXProject;
			attributes = {
				BuildIndependentTargetsInParallel = 1;
				LastSwiftUpdateCheck = 1320;
				LastUpgradeCheck = 1320;
				TargetAttributes = {
					9D2FE28228C7517300745B77 = {
						CreatedOnToolsVersion = 13.2.1;
					};
					9D2FE29828C7517500745B77 = {
						CreatedOnToolsVersion = 13.2.1;
						TestTargetID = 9D2FE28228C7517300745B77;
					};
					9D2FE2A228C7517500745B77 = {
						CreatedOnToolsVersion = 13.2.1;
						TestTargetID = 9D2FE28228C7517300745B77;
					};
				};
			};
			buildConfigurationList = 9D2FE27E28C7517300745B77 /* Build configuration list for PBXProject "CarRental" */;
			compatibilityVersion = "Xcode 13.0";
			developmentRegion = en;
			hasScannedForEncodings = 0;
			knownRegions = (
				en,
				Base,
			);
			mainGroup = 9D2FE27A28C7517300745B77;
			productRefGroup = 9D2FE28428C7517300745B77 /* Products */;
			projectDirPath = "";
			projectRoot = "";
			targets = (
				9D2FE28228C7517300745B77 /* CarRental */,
				9D2FE29828C7517500745B77 /* CarRentalTests */,
				9D2FE2A228C7517500745B77 /* CarRentalUITests */,
			);
		};
/* End PBXProject section */

/* Begin PBXResourcesBuildPhase section */
		9D2FE28128C7517300745B77 /* Resources */ = {
			isa = PBXResourcesBuildPhase;
			buildActionMask = 2147483647;
			files = (
				9D2FE29328C7517500745B77 /* LaunchScreen.storyboard in Resources */,
				9D2FE29028C7517500745B77 /* Assets.xcassets in Resources */,
				9D2FE28E28C7517300745B77 /* Main.storyboard in Resources */,
			);
			runOnlyForDeploymentPostprocessing = 0;
		};
		9D2FE29728C7517500745B77 /* Resources */ = {
			isa = PBXResourcesBuildPhase;
			buildActionMask = 2147483647;
			files = (
			);
			runOnlyForDeploymentPostprocessing = 0;
		};
		9D2FE2A128C7517500745B77 /* Resources */ = {
			isa = PBXResourcesBuildPhase;
			buildActionMask = 2147483647;
			files = (
			);
			runOnlyForDeploymentPostprocessing = 0;
		};
/* End PBXResourcesBuildPhase section */

/* Begin PBXSourcesBuildPhase section */
		9D2FE27F28C7517300745B77 /* Sources */ = {
			isa = PBXSourcesBuildPhase;
			buildActionMask = 2147483647;
			files = (
				9D2FE28B28C7517300745B77 /* ViewController.swift in Sources */,
				9D2FE2B928C7519400745B77 /* Model.swift in Sources */,
				9D2FE2BD28C7519C00745B77 /* Extension.swift in Sources */,
				9D2FE28728C7517300745B77 /* AppDelegate.swift in Sources */,
				9D2FE2BF28C752BC00745B77 /* TableViewCell.swift in Sources */,
				9D2FE2B728C7519200745B77 /* ViewModel.swift in Sources */,
			);
			runOnlyForDeploymentPostprocessing = 0;
		};
		9D2FE29528C7517500745B77 /* Sources */ = {
			isa = PBXSourcesBuildPhase;
			buildActionMask = 2147483647;
			files = (
				9D2FE29E28C7517500745B77 /* CarRentalTests.swift in Sources */,
			);
			runOnlyForDeploymentPostprocessing = 0;
		};
		9D2FE29F28C7517500745B77 /* Sources */ = {
			isa = PBXSourcesBuildPhase;
			buildActionMask = 2147483647;
			files = (
				9D2FE2A828C7517500745B77 /* CarRentalUITests.swift in Sources */,
				9D2FE2AA28C7517500745B77 /* CarRentalUITestsLaunchTests.swift in Sources */,
			);
			runOnlyForDeploymentPostprocessing = 0;
		};
/* End PBXSourcesBuildPhase section */

/* Begin PBXTargetDependency section */
		9D2FE29B28C7517500745B77 /* PBXTargetDependency */ = {
			isa = PBXTargetDependency;
			target = 9D2FE28228C7517300745B77 /* CarRental */;
			targetProxy = 9D2FE29A28C7517500745B77 /* PBXContainerItemProxy */;
		};
		9D2FE2A528C7517500745B77 /* PBXTargetDependency */ = {
			isa = PBXTargetDependency;
			target = 9D2FE28228C7517300745B77 /* CarRental */;
			targetProxy = 9D2FE2A428C7517500745B77 /* PBXContainerItemProxy */;
		};
/* End PBXTargetDependency section */

/* Begin PBXVariantGroup section */
		9D2FE28C28C7517300745B77 /* Main.storyboard */ = {
			isa = PBXVariantGroup;
			children = (
				9D2FE28D28C7517300745B77 /* Base */,
			);
			name = Main.storyboard;
			sourceTree = "<group>";
		};
		9D2FE29128C7517500745B77 /* LaunchScreen.storyboard */ = {
			isa = PBXVariantGroup;
			children = (
				9D2FE29228C7517500745B77 /* Base */,
			);
			name = LaunchScreen.storyboard;
			sourceTree = "<group>";
		};
/* End PBXVariantGroup section */

/* Begin XCBuildConfiguration section */
		9D2FE2AB28C7517500745B77 /* Debug */ = {
			isa = XCBuildConfiguration;
			buildSettings = {
				ALWAYS_SEARCH_USER_PATHS = NO;
				CLANG_ANALYZER_NONNULL = YES;
				CLANG_ANALYZER_NUMBER_OBJECT_CONVERSION = YES_AGGRESSIVE;
				CLANG_CXX_LANGUAGE_STANDARD = "gnu++17";
				CLANG_CXX_LIBRARY = "libc++";
				CLANG_ENABLE_MODULES = YES;
				CLANG_ENABLE_OBJC_ARC = YES;
				CLANG_ENABLE_OBJC_WEAK = YES;
				CLANG_WARN_BLOCK_CAPTURE_AUTORELEASING = YES;
				CLANG_WARN_BOOL_CONVERSION = YES;
				CLANG_WARN_COMMA = YES;
				CLANG_WARN_CONSTANT_CONVERSION = YES;
				CLANG_WARN_DEPRECATED_OBJC_IMPLEMENTATIONS = YES;
				CLANG_WARN_DIRECT_OBJC_ISA_USAGE = YES_ERROR;
				CLANG_WARN_DOCUMENTATION_COMMENTS = YES;
				CLANG_WARN_EMPTY_BODY = YES;
				CLANG_WARN_ENUM_CONVERSION = YES;
				CLANG_WARN_INFINITE_RECURSION = YES;
				CLANG_WARN_INT_CONVERSION = YES;
				CLANG_WARN_NON_LITERAL_NULL_CONVERSION = YES;
				CLANG_WARN_OBJC_IMPLICIT_RETAIN_SELF = YES;
				CLANG_WARN_OBJC_LITERAL_CONVERSION = YES;
				CLANG_WARN_OBJC_ROOT_CLASS = YES_ERROR;
				CLANG_WARN_QUOTED_INCLUDE_IN_FRAMEWORK_HEADER = YES;
				CLANG_WARN_RANGE_LOOP_ANALYSIS = YES;
				CLANG_WARN_STRICT_PROTOTYPES = YES;
				CLANG_WARN_SUSPICIOUS_MOVE = YES;
				CLANG_WARN_UNGUARDED_AVAILABILITY = YES_AGGRESSIVE;
				CLANG_WARN_UNREACHABLE_CODE = YES;
				CLANG_WARN__DUPLICATE_METHOD_MATCH = YES;
				COPY_PHASE_STRIP = NO;
				DEBUG_INFORMATION_FORMAT = dwarf;
				ENABLE_STRICT_OBJC_MSGSEND = YES;
				ENABLE_TESTABILITY = YES;
				GCC_C_LANGUAGE_STANDARD = gnu11;
				GCC_DYNAMIC_NO_PIC = NO;
				GCC_NO_COMMON_BLOCKS = YES;
				GCC_OPTIMIZATION_LEVEL = 0;
				GCC_PREPROCESSOR_DEFINITIONS = (
					"DEBUG=1",
					"$(inherited)",
				);
				GCC_WARN_64_TO_32_BIT_CONVERSION = YES;
				GCC_WARN_ABOUT_RETURN_TYPE = YES_ERROR;
				GCC_WARN_UNDECLARED_SELECTOR = YES;
				GCC_WARN_UNINITIALIZED_AUTOS = YES_AGGRESSIVE;
				GCC_WARN_UNUSED_FUNCTION = YES;
				GCC_WARN_UNUSED_VARIABLE = YES;
				IPHONEOS_DEPLOYMENT_TARGET = 15.2;
				MTL_ENABLE_DEBUG_INFO = INCLUDE_SOURCE;
				MTL_FAST_MATH = YES;
				ONLY_ACTIVE_ARCH = YES;
				SDKROOT = iphoneos;
				SWIFT_ACTIVE_COMPILATION_CONDITIONS = DEBUG;
				SWIFT_OPTIMIZATION_LEVEL = "-Onone";
			};
			name = Debug;
		};
		9D2FE2AC28C7517500745B77 /* Release */ = {
			isa = XCBuildConfiguration;
			buildSettings = {
				ALWAYS_SEARCH_USER_PATHS = NO;
				CLANG_ANALYZER_NONNULL = YES;
				CLANG_ANALYZER_NUMBER_OBJECT_CONVERSION = YES_AGGRESSIVE;
				CLANG_CXX_LANGUAGE_STANDARD = "gnu++17";
				CLANG_CXX_LIBRARY = "libc++";
				CLANG_ENABLE_MODULES = YES;
				CLANG_ENABLE_OBJC_ARC = YES;
				CLANG_ENABLE_OBJC_WEAK = YES;
				CLANG_WARN_BLOCK_CAPTURE_AUTORELEASING = YES;
				CLANG_WARN_BOOL_CONVERSION = YES;
				CLANG_WARN_COMMA = YES;
				CLANG_WARN_CONSTANT_CONVERSION = YES;
				CLANG_WARN_DEPRECATED_OBJC_IMPLEMENTATIONS = YES;
				CLANG_WARN_DIRECT_OBJC_ISA_USAGE = YES_ERROR;
				CLANG_WARN_DOCUMENTATION_COMMENTS = YES;
				CLANG_WARN_EMPTY_BODY = YES;
				CLANG_WARN_ENUM_CONVERSION = YES;
				CLANG_WARN_INFINITE_RECURSION = YES;
				CLANG_WARN_INT_CONVERSION = YES;
				CLANG_WARN_NON_LITERAL_NULL_CONVERSION = YES;
				CLANG_WARN_OBJC_IMPLICIT_RETAIN_SELF = YES;
				CLANG_WARN_OBJC_LITERAL_CONVERSION = YES;
				CLANG_WARN_OBJC_ROOT_CLASS = YES_ERROR;
				CLANG_WARN_QUOTED_INCLUDE_IN_FRAMEWORK_HEADER = YES;
				CLANG_WARN_RANGE_LOOP_ANALYSIS = YES;
				CLANG_WARN_STRICT_PROTOTYPES = YES;
				CLANG_WARN_SUSPICIOUS_MOVE = YES;
				CLANG_WARN_UNGUARDED_AVAILABILITY = YES_AGGRESSIVE;
				CLANG_WARN_UNREACHABLE_CODE = YES;
				CLANG_WARN__DUPLICATE_METHOD_MATCH = YES;
				COPY_PHASE_STRIP = NO;
				DEBUG_INFORMATION_FORMAT = "dwarf-with-dsym";
				ENABLE_NS_ASSERTIONS = NO;
				ENABLE_STRICT_OBJC_MSGSEND = YES;
				GCC_C_LANGUAGE_STANDARD = gnu11;
				GCC_NO_COMMON_BLOCKS = YES;
				GCC_WARN_64_TO_32_BIT_CONVERSION = YES;
				GCC_WARN_ABOUT_RETURN_TYPE = YES_ERROR;
				GCC_WARN_UNDECLARED_SELECTOR = YES;
				GCC_WARN_UNINITIALIZED_AUTOS = YES_AGGRESSIVE;
				GCC_WARN_UNUSED_FUNCTION = YES;
				GCC_WARN_UNUSED_VARIABLE = YES;
				IPHONEOS_DEPLOYMENT_TARGET = 15.2;
				MTL_ENABLE_DEBUG_INFO = NO;
				MTL_FAST_MATH = YES;
				SDKROOT = iphoneos;
				SWIFT_COMPILATION_MODE = wholemodule;
				SWIFT_OPTIMIZATION_LEVEL = "-O";
				VALIDATE_PRODUCT = YES;
			};
			name = Release;
		};
		9D2FE2AE28C7517500745B77 /* Debug */ = {
			isa = XCBuildConfiguration;
			buildSettings = {
				ASSETCATALOG_COMPILER_APPICON_NAME = AppIcon;
				ASSETCATALOG_COMPILER_GLOBAL_ACCENT_COLOR_NAME = AccentColor;
				CODE_SIGN_STYLE = Automatic;
				CURRENT_PROJECT_VERSION = 1;
				DEVELOPMENT_TEAM = 9PB7K3472Q;
				GENERATE_INFOPLIST_FILE = YES;
				INFOPLIST_FILE = CarRental/Info.plist;
				INFOPLIST_KEY_UIApplicationSupportsIndirectInputEvents = YES;
				INFOPLIST_KEY_UILaunchStoryboardName = LaunchScreen;
				INFOPLIST_KEY_UIMainStoryboardFile = Main;
				INFOPLIST_KEY_UISupportedInterfaceOrientations_iPad = "UIInterfaceOrientationPortrait UIInterfaceOrientationPortraitUpsideDown UIInterfaceOrientationLandscapeLeft UIInterfaceOrientationLandscapeRight";
				INFOPLIST_KEY_UISupportedInterfaceOrientations_iPhone = "UIInterfaceOrientationPortrait UIInterfaceOrientationLandscapeLeft UIInterfaceOrientationLandscapeRight";
				LD_RUNPATH_SEARCH_PATHS = (
					"$(inherited)",
					"@executable_path/Frameworks",
				);
				MARKETING_VERSION = 1.0;
				PRODUCT_BUNDLE_IDENTIFIER = aaaaa.CarRental;
				PRODUCT_NAME = "$(TARGET_NAME)";
				SWIFT_EMIT_LOC_STRINGS = YES;
				SWIFT_VERSION = 5.0;
				TARGETED_DEVICE_FAMILY = "1,2";
			};
			name = Debug;
		};
		9D2FE2AF28C7517500745B77 /* Release */ = {
			isa = XCBuildConfiguration;
			buildSettings = {
				ASSETCATALOG_COMPILER_APPICON_NAME = AppIcon;
				ASSETCATALOG_COMPILER_GLOBAL_ACCENT_COLOR_NAME = AccentColor;
				CODE_SIGN_STYLE = Automatic;
				CURRENT_PROJECT_VERSION = 1;
				DEVELOPMENT_TEAM = 9PB7K3472Q;
				GENERATE_INFOPLIST_FILE = YES;
				INFOPLIST_FILE = CarRental/Info.plist;
				INFOPLIST_KEY_UIApplicationSupportsIndirectInputEvents = YES;
				INFOPLIST_KEY_UILaunchStoryboardName = LaunchScreen;
				INFOPLIST_KEY_UIMainStoryboardFile = Main;
				INFOPLIST_KEY_UISupportedInterfaceOrientations_iPad = "UIInterfaceOrientationPortrait UIInterfaceOrientationPortraitUpsideDown UIInterfaceOrientationLandscapeLeft UIInterfaceOrientationLandscapeRight";
				INFOPLIST_KEY_UISupportedInterfaceOrientations_iPhone = "UIInterfaceOrientationPortrait UIInterfaceOrientationLandscapeLeft UIInterfaceOrientationLandscapeRight";
				LD_RUNPATH_SEARCH_PATHS = (
					"$(inherited)",
					"@executable_path/Frameworks",
				);
				MARKETING_VERSION = 1.0;
				PRODUCT_BUNDLE_IDENTIFIER = aaaaa.CarRental;
				PRODUCT_NAME = "$(TARGET_NAME)";
				SWIFT_EMIT_LOC_STRINGS = YES;
				SWIFT_VERSION = 5.0;
				TARGETED_DEVICE_FAMILY = "1,2";
			};
			name = Release;
		};
		9D2FE2B128C7517500745B77 /* Debug */ = {
			isa = XCBuildConfiguration;
			buildSettings = {
				ALWAYS_EMBED_SWIFT_STANDARD_LIBRARIES = YES;
				BUNDLE_LOADER = "$(TEST_HOST)";
				CODE_SIGN_STYLE = Automatic;
				CURRENT_PROJECT_VERSION = 1;
				DEVELOPMENT_TEAM = 9PB7K3472Q;
				GENERATE_INFOPLIST_FILE = YES;
				IPHONEOS_DEPLOYMENT_TARGET = 15.2;
				MARKETING_VERSION = 1.0;
				PRODUCT_BUNDLE_IDENTIFIER = aaaaa.CarRentalTests;
				PRODUCT_NAME = "$(TARGET_NAME)";
				SWIFT_EMIT_LOC_STRINGS = NO;
				SWIFT_VERSION = 5.0;
				TARGETED_DEVICE_FAMILY = "1,2";
				TEST_HOST = "$(BUILT_PRODUCTS_DIR)/CarRental.app/CarRental";
			};
			name = Debug;
		};
		9D2FE2B228C7517500745B77 /* Release */ = {
			isa = XCBuildConfiguration;
			buildSettings = {
				ALWAYS_EMBED_SWIFT_STANDARD_LIBRARIES = YES;
				BUNDLE_LOADER = "$(TEST_HOST)";
				CODE_SIGN_STYLE = Automatic;
				CURRENT_PROJECT_VERSION = 1;
				DEVELOPMENT_TEAM = 9PB7K3472Q;
				GENERATE_INFOPLIST_FILE = YES;
				IPHONEOS_DEPLOYMENT_TARGET = 15.2;
				MARKETING_VERSION = 1.0;
				PRODUCT_BUNDLE_IDENTIFIER = aaaaa.CarRentalTests;
				PRODUCT_NAME = "$(TARGET_NAME)";
				SWIFT_EMIT_LOC_STRINGS = NO;
				SWIFT_VERSION = 5.0;
				TARGETED_DEVICE_FAMILY = "1,2";
				TEST_HOST = "$(BUILT_PRODUCTS_DIR)/CarRental.app/CarRental";
			};
			name = Release;
		};
		9D2FE2B428C7517500745B77 /* Debug */ = {
			isa = XCBuildConfiguration;
			buildSettings = {
				ALWAYS_EMBED_SWIFT_STANDARD_LIBRARIES = YES;
				CODE_SIGN_STYLE = Automatic;
				CURRENT_PROJECT_VERSION = 1;
				DEVELOPMENT_TEAM = 9PB7K3472Q;
				GENERATE_INFOPLIST_FILE = YES;
				MARKETING_VERSION = 1.0;
				PRODUCT_BUNDLE_IDENTIFIER = aaaaa.CarRentalUITests;
				PRODUCT_NAME = "$(TARGET_NAME)";
				SWIFT_EMIT_LOC_STRINGS = NO;
				SWIFT_VERSION = 5.0;
				TARGETED_DEVICE_FAMILY = "1,2";
				TEST_TARGET_NAME = CarRental;
			};
			name = Debug;
		};
		9D2FE2B528C7517500745B77 /* Release */ = {
			isa = XCBuildConfiguration;
			buildSettings = {
				ALWAYS_EMBED_SWIFT_STANDARD_LIBRARIES = YES;
				CODE_SIGN_STYLE = Automatic;
				CURRENT_PROJECT_VERSION = 1;
				DEVELOPMENT_TEAM = 9PB7K3472Q;
				GENERATE_INFOPLIST_FILE = YES;
				MARKETING_VERSION = 1.0;
				PRODUCT_BUNDLE_IDENTIFIER = aaaaa.CarRentalUITests;
				PRODUCT_NAME = "$(TARGET_NAME)";
				SWIFT_EMIT_LOC_STRINGS = NO;
				SWIFT_VERSION = 5.0;
				TARGETED_DEVICE_FAMILY = "1,2";
				TEST_TARGET_NAME = CarRental;
			};
			name = Release;
		};
/* End XCBuildConfiguration section */

/* Begin XCConfigurationList section */
		9D2FE27E28C7517300745B77 /* Build configuration list for PBXProject "CarRental" */ = {
			isa = XCConfigurationList;
			buildConfigurations = (
				9D2FE2AB28C7517500745B77 /* Debug */,
				9D2FE2AC28C7517500745B77 /* Release */,
			);
			defaultConfigurationIsVisible = 0;
			defaultConfigurationName = Release;
		};
		9D2FE2AD28C7517500745B77 /* Build configuration list for PBXNativeTarget "CarRental" */ = {
			isa = XCConfigurationList;
			buildConfigurations = (
				9D2FE2AE28C7517500745B77 /* Debug */,
				9D2FE2AF28C7517500745B77 /* Release */,
			);
			defaultConfigurationIsVisible = 0;
			defaultConfigurationName = Release;
		};
		9D2FE2B028C7517500745B77 /* Build configuration list for PBXNativeTarget "CarRentalTests" */ = {
			isa = XCConfigurationList;
			buildConfigurations = (
				9D2FE2B128C7517500745B77 /* Debug */,
				9D2FE2B228C7517500745B77 /* Release */,
			);
			defaultConfigurationIsVisible = 0;
			defaultConfigurationName = Release;
		};
		9D2FE2B328C7517500745B77 /* Build configuration list for PBXNativeTarget "CarRentalUITests" */ = {
			isa = XCConfigurationList;
			buildConfigurations = (
				9D2FE2B428C7517500745B77 /* Debug */,
				9D2FE2B528C7517500745B77 /* Release */,
			);
			defaultConfigurationIsVisible = 0;
			defaultConfigurationName = Release;
		};
/* End XCConfigurationList section */
	};
	rootObject = 9D2FE27B28C7517300745B77 /* Project object */;
}
